// !$*UTF8*$!
{
	archiveVersion = 1;
	classes = {
	};
	objectVersion = 46;
	objects = {

/* Begin PBXBuildFile section */
		108396611D67CBAB00E8BE8F /* AppDelegate.swift in Sources */ = {isa = PBXBuildFile; fileRef = 108396601D67CBAB00E8BE8F /* AppDelegate.swift */; };
		108396631D67CBAB00E8BE8F /* ViewController.swift in Sources */ = {isa = PBXBuildFile; fileRef = 108396621D67CBAB00E8BE8F /* ViewController.swift */; };
		108396681D67CBAB00E8BE8F /* Assets.xcassets in Resources */ = {isa = PBXBuildFile; fileRef = 108396671D67CBAB00E8BE8F /* Assets.xcassets */; };
		1083966B1D67CBAB00E8BE8F /* LaunchScreen.storyboard in Resources */ = {isa = PBXBuildFile; fileRef = 108396691D67CBAB00E8BE8F /* LaunchScreen.storyboard */; };
		108396731D67CBF900E8BE8F /* Main.storyboard in Resources */ = {isa = PBXBuildFile; fileRef = 108396721D67CBF900E8BE8F /* Main.storyboard */; };
/* End PBXBuildFile section */

/* Begin PBXFileReference section */
		1083965D1D67CBAB00E8BE8F /* Project01.app */ = {isa = PBXFileReference; explicitFileType = wrapper.application; includeInIndex = 0; path = Project01.app; sourceTree = BUILT_PRODUCTS_DIR; };
		108396601D67CBAB00E8BE8F /* AppDelegate.swift */ = {isa = PBXFileReference; lastKnownFileType = sourcecode.swift; path = AppDelegate.swift; sourceTree = "<group>"; };
		108396621D67CBAB00E8BE8F /* ViewController.swift */ = {isa = PBXFileReference; lastKnownFileType = sourcecode.swift; path = ViewController.swift; sourceTree = "<group>"; };
		108396671D67CBAB00E8BE8F /* Assets.xcassets */ = {isa = PBXFileReference; lastKnownFileType = folder.assetcatalog; path = Assets.xcassets; sourceTree = "<group>"; };
		1083966A1D67CBAB00E8BE8F /* Base */ = {isa = PBXFileReference; lastKnownFileType = file.storyboard; name = Base; path = Base.lproj/LaunchScreen.storyboard; sourceTree = "<group>"; };
		1083966C1D67CBAB00E8BE8F /* Info.plist */ = {isa = PBXFileReference; lastKnownFileType = text.plist.xml; path = Info.plist; sourceTree = "<group>"; };
		108396721D67CBF900E8BE8F /* Main.storyboard */ = {isa = PBXFileReference; fileEncoding = 4; lastKnownFileType = file.storyboard; path = Main.storyboard; sourceTree = "<group>"; };
/* End PBXFileReference section */

/* Begin PBXFrameworksBuildPhase section */
		1083965A1D67CBAB00E8BE8F /* Frameworks */ = {
			isa = PBXFrameworksBuildPhase;
			buildActionMask = 2147483647;
			files = (
			);
			runOnlyForDeploymentPostprocessing = 0;
		};
/* End PBXFrameworksBuildPhase section */

/* Begin PBXGroup section */
		108396541D67CBAB00E8BE8F = {
			isa = PBXGroup;
			children = (
				1083965F1D67CBAB00E8BE8F /* Project01 */,
				1083965E1D67CBAB00E8BE8F /* Products */,
			);
			sourceTree = "<group>";
		};
		1083965E1D67CBAB00E8BE8F /* Products */ = {
			isa = PBXGroup;
			children = (
				1083965D1D67CBAB00E8BE8F /* Project01.app */,
			);
			name = Products;
			sourceTree = "<group>";
		};
		1083965F1D67CBAB00E8BE8F /* Project01 */ = {
			isa = PBXGroup;
			children = (
				108396601D67CBAB00E8BE8F /* AppDelegate.swift */,
				108396621D67CBAB00E8BE8F /* ViewController.swift */,
				108396721D67CBF900E8BE8F /* Main.storyboard */,
				108396671D67CBAB00E8BE8F /* Assets.xcassets */,
				108396691D67CBAB00E8BE8F /* LaunchScreen.storyboard */,
				1083966C1D67CBAB00E8BE8F /* Info.plist */,
			);
			path = Project01;
			sourceTree = "<group>";
		};
/* End PBXGroup section */

/* Begin PBXNativeTarget section */
		1083965C1D67CBAB00E8BE8F /* Project01 */ = {
			isa = PBXNativeTarget;
			buildConfigurationList = 1083966F1D67CBAB00E8BE8F /* Build configuration list for PBXNativeTarget "Project01" */;
			buildPhases = (
				108396591D67CBAB00E8BE8F /* Sources */,
				1083965A1D67CBAB00E8BE8F /* Frameworks */,
				1083965B1D67CBAB00E8BE8F /* Resources */,
			);
			buildRules = (
			);
			dependencies = (
			);
			name = Project01;
			productName = Project01;
			productReference = 1083965D1D67CBAB00E8BE8F /* Project01.app */;
			productType = "com.apple.product-type.application";
		};
/* End PBXNativeTarget section */

/* Begin PBXProject section */
		108396551D67CBAB00E8BE8F /* Project object */ = {
			isa = PBXProject;
			attributes = {
				LastSwiftUpdateCheck = 0730;
				LastUpgradeCheck = 0730;
				ORGANIZATIONNAME = GIGIGUN;
				TargetAttributes = {
					1083965C1D67CBAB00E8BE8F = {
						CreatedOnToolsVersion = 7.3.1;
					};
				};
			};
			buildConfigurationList = 108396581D67CBAB00E8BE8F /* Build configuration list for PBXProject "Project01" */;
			compatibilityVersion = "Xcode 3.2";
			developmentRegion = English;
			hasScannedForEncodings = 0;
			knownRegions = (
				en,
				Base,
			);
			mainGroup = 108396541D67CBAB00E8BE8F;
			productRefGroup = 1083965E1D67CBAB00E8BE8F /* Products */;
			projectDirPath = "";
			projectRoot = "";
			targets = (
				1083965C1D67CBAB00E8BE8F /* Project01 */,
			);
		};
/* End PBXProject section */

/* Begin PBXResourcesBuildPhase section */
		1083965B1D67CBAB00E8BE8F /* Resources */ = {
			isa = PBXResourcesBuildPhase;
			buildActionMask = 2147483647;
			files = (
				108396731D67CBF900E8BE8F /* Main.storyboard in Resources */,
				1083966B1D67CBAB00E8BE8F /* LaunchScreen.storyboard in Resources */,
				108396681D67CBAB00E8BE8F /* Assets.xcassets in Resources */,
			);
			runOnlyForDeploymentPostprocessing = 0;
		};
/* End PBXResourcesBuildPhase section */

/* Begin PBXSourcesBuildPhase section */
		108396591D67CBAB00E8BE8F /* Sources */ = {
			isa = PBXSourcesBuildPhase;
			buildActionMask = 2147483647;
			files = (
				108396631D67CBAB00E8BE8F /* ViewController.swift in Sources */,
				108396611D67CBAB00E8BE8F /* AppDelegate.swift in Sources */,
			);
			runOnlyForDeploymentPostprocessing = 0;
		};
/* End PBXSourcesBuildPhase section */

/* Begin PBXVariantGroup section */
		108396691D67CBAB00E8BE8F /* LaunchScreen.storyboard */ = {
			isa = PBXVariantGroup;
			children = (
				1083966A1D67CBAB00E8BE8F /* Base */,
			);
			name = LaunchScreen.storyboard;
			sourceTree = "<group>";
		};
/* End PBXVariantGroup section */

/* Begin XCBuildConfiguration section */
		1083966D1D67CBAB00E8BE8F /* Debug */ = {
			isa = XCBuildConfiguration;
			buildSettings = {
				ALWAYS_SEARCH_USER_PATHS = NO;
				CLANG_ANALYZER_NONNULL = YES;
				CLANG_CXX_LANGUAGE_STANDARD = "gnu++0x";
				CLANG_CXX_LIBRARY = "libc++";
				CLANG_ENABLE_MODULES = YES;
				CLANG_ENABLE_OBJC_ARC = YES;
				CLANG_WARN_BOOL_CONVERSION = YES;
				CLANG_WARN_CONSTANT_CONVERSION = YES;
				CLANG_WARN_DIRECT_OBJC_ISA_USAGE = YES_ERROR;
				CLANG_WARN_EMPTY_BODY = YES;
				CLANG_WARN_ENUM_CONVERSION = YES;
				CLANG_WARN_INT_CONVERSION = YES;
				CLANG_WARN_OBJC_ROOT_CLASS = YES_ERROR;
				CLANG_WARN_UNREACHABLE_CODE = YES;
				CLANG_WARN__DUPLICATE_METHOD_MATCH = YES;
				"CODE_SIGN_IDENTITY[sdk=iphoneos*]" = "iPhone Developer";
				COPY_PHASE_STRIP = NO;
				DEBUG_INFORMATION_FORMAT = dwarf;
				ENABLE_STRICT_OBJC_MSGSEND = YES;
				ENABLE_TESTABILITY = YES;
				GCC_C_LANGUAGE_STANDARD = gnu99;
				GCC_DYNAMIC_NO_PIC = NO;
				GCC_NO_COMMON_BLOCKS = YES;
				GCC_OPTIMIZATION_LEVEL = 0;
				GCC_PREPROCESSOR_DEFINITIONS = (
					"DEBUG=1",
					"$(inherited)",
				);
				GCC_WARN_64_TO_32_BIT_CONVERSION = YES;
				GCC_WARN_ABOUT_RETURN_TYPE = YES_ERROR;
				GCC_WARN_UNDECLARED_SELECTOR = YES;
				GCC_WARN_UNINITIALIZED_AUTOS = YES_AGGRESSIVE;
				GCC_WARN_UNUSED_FUNCTION = YES;
				GCC_WARN_UNUSED_VARIABLE = YES;
				IPHONEOS_DEPLOYMENT_TARGET = 9.3;
				MTL_ENABLE_DEBUG_INFO = YES;
				ONLY_ACTIVE_ARCH = YES;
				SDKROOT = iphoneos;
				SWIFT_OPTIMIZATION_LEVEL = "-Onone";
			};
			name = Debug;
		};
		1083966E1D67CBAB00E8BE8F /* Release */ = {
			isa = XCBuildConfiguration;
			buildSettings = {
				ALWAYS_SEARCH_USER_PATHS = NO;
				CLANG_ANALYZER_NONNULL = YES;
				CLANG_CXX_LANGUAGE_STANDARD = "gnu++0x";
				CLANG_CXX_LIBRARY = "libc++";
				CLANG_ENABLE_MODULES = YES;
				CLANG_ENABLE_OBJC_ARC = YES;
				CLANG_WARN_BOOL_CONVERSION = YES;
				CLANG_WARN_CONSTANT_CONVERSION = YES;
				CLANG_WARN_DIRECT_OBJC_ISA_USAGE = YES_ERROR;
				CLANG_WARN_EMPTY_BODY = YES;
				CLANG_WARN_ENUM_CONVERSION = YES;
				CLANG_WARN_INT_CONVERSION = YES;
				CLANG_WARN_OBJC_ROOT_CLASS = YES_ERROR;
				CLANG_WARN_UNREACHABLE_CODE = YES;
				CLANG_WARN__DUPLICATE_METHOD_MATCH = YES;
				"CODE_SIGN_IDENTITY[sdk=iphoneos*]" = "iPhone Developer";
				COPY_PHASE_STRIP = NO;
				DEBUG_INFORMATION_FORMAT = "dwarf-with-dsym";
				ENABLE_NS_ASSERTIONS = NO;
				ENABLE_STRICT_OBJC_MSGSEND = YES;
				GCC_C_LANGUAGE_STANDARD = gnu99;
				GCC_NO_COMMON_BLOCKS = YES;
				GCC_WARN_64_TO_32_BIT_CONVERSION = YES;
				GCC_WARN_ABOUT_RETURN_TYPE = YES_ERROR;
				GCC_WARN_UNDECLARED_SELECTOR = YES;
				GCC_WARN_UNINITIALIZED_AUTOS = YES_AGGRESSIVE;
				GCC_WARN_UNUSED_FUNCTION = YES;
				GCC_WARN_UNUSED_VARIABLE = YES;
				IPHONEOS_DEPLOYMENT_TARGET = 9.3;
				MTL_ENABLE_DEBUG_INFO = NO;
				SDKROOT = iphoneos;
				VALIDATE_PRODUCT = YES;
			};
			name = Release;
		};
		108396701D67CBAB00E8BE8F /* Debug */ = {
			isa = XCBuildConfiguration;
			buildSettings = {
				ASSETCATALOG_COMPILER_APPICON_NAME = AppIcon;
				INFOPLIST_FILE = Project01/Info.plist;
				LD_RUNPATH_SEARCH_PATHS = "$(inherited) @executable_path/Frameworks";
				PRODUCT_BUNDLE_IDENTIFIER = HippoColors.Project01;
				PRODUCT_NAME = "$(TARGET_NAME)";
			};
			name = Debug;
		};
		108396711D67CBAB00E8BE8F /* Release */ = {
			isa = XCBuildConfiguration;
			buildSettings = {
				ASSETCATALOG_COMPILER_APPICON_NAME = AppIcon;
				INFOPLIST_FILE = Project01/Info.plist;
				LD_RUNPATH_SEARCH_PATHS = "$(inherited) @executable_path/Frameworks";
				PRODUCT_BUNDLE_IDENTIFIER = HippoColors.Project01;
				PRODUCT_NAME = "$(TARGET_NAME)";
			};
			name = Release;
		};
/* End XCBuildConfiguration section */

/* Begin XCConfigurationList section */
		108396581D67CBAB00E8BE8F /* Build configuration list for PBXProject "Project01" */ = {
			isa = XCConfigurationList;
			buildConfigurations = (
				1083966D1D67CBAB00E8BE8F /* Debug */,
				1083966E1D67CBAB00E8BE8F /* Release */,
			);
			defaultConfigurationIsVisible = 0;
			defaultConfigurationName = Release;
		};
		1083966F1D67CBAB00E8BE8F /* Build configuration list for PBXNativeTarget "Project01" */ = {
			isa = XCConfigurationList;
			buildConfigurations = (
				108396701D67CBAB00E8BE8F /* Debug */,
				108396711D67CBAB00E8BE8F /* Release */,
			);
			defaultConfigurationIsVisible = 0;
		};
/* End XCConfigurationList section */
	};
	rootObject = 108396551D67CBAB00E8BE8F /* Project object */;
}
