// !$*UTF8*$!
{
	archiveVersion = 1;
	classes = {
	};
	objectVersion = 46;
	objects = {

/* Begin PBXBuildFile section */
		10280A791D79D1F4001805A8 /* AppDelegate.swift in Sources */ = {isa = PBXBuildFile; fileRef = 10280A781D79D1F4001805A8 /* AppDelegate.swift */; };
		10280A7B1D79D1F4001805A8 /* ViewController.swift in Sources */ = {isa = PBXBuildFile; fileRef = 10280A7A1D79D1F4001805A8 /* ViewController.swift */; };
		10280A7E1D79D1F4001805A8 /* Main.storyboard in Resources */ = {isa = PBXBuildFile; fileRef = 10280A7C1D79D1F4001805A8 /* Main.storyboard */; };
		10280A801D79D1F5001805A8 /* Assets.xcassets in Resources */ = {isa = PBXBuildFile; fileRef = 10280A7F1D79D1F5001805A8 /* Assets.xcassets */; };
		10280A831D79D1F5001805A8 /* LaunchScreen.storyboard in Resources */ = {isa = PBXBuildFile; fileRef = 10280A811D79D1F5001805A8 /* LaunchScreen.storyboard */; };
/* End PBXBuildFile section */

/* Begin PBXFileReference section */
		10280A751D79D1F4001805A8 /* Project06.app */ = {isa = PBXFileReference; explicitFileType = wrapper.application; includeInIndex = 0; path = Project06.app; sourceTree = BUILT_PRODUCTS_DIR; };
		10280A781D79D1F4001805A8 /* AppDelegate.swift */ = {isa = PBXFileReference; lastKnownFileType = sourcecode.swift; path = AppDelegate.swift; sourceTree = "<group>"; };
		10280A7A1D79D1F4001805A8 /* ViewController.swift */ = {isa = PBXFileReference; lastKnownFileType = sourcecode.swift; path = ViewController.swift; sourceTree = "<group>"; };
		10280A7D1D79D1F4001805A8 /* Base */ = {isa = PBXFileReference; lastKnownFileType = file.storyboard; name = Base; path = Base.lproj/Main.storyboard; sourceTree = "<group>"; };
		10280A7F1D79D1F5001805A8 /* Assets.xcassets */ = {isa = PBXFileReference; lastKnownFileType = folder.assetcatalog; path = Assets.xcassets; sourceTree = "<group>"; };
		10280A821D79D1F5001805A8 /* Base */ = {isa = PBXFileReference; lastKnownFileType = file.storyboard; name = Base; path = Base.lproj/LaunchScreen.storyboard; sourceTree = "<group>"; };
		10280A841D79D1F5001805A8 /* Info.plist */ = {isa = PBXFileReference; lastKnownFileType = text.plist.xml; path = Info.plist; sourceTree = "<group>"; };
/* End PBXFileReference section */

/* Begin PBXFrameworksBuildPhase section */
		10280A721D79D1F4001805A8 /* Frameworks */ = {
			isa = PBXFrameworksBuildPhase;
			buildActionMask = 2147483647;
			files = (
			);
			runOnlyForDeploymentPostprocessing = 0;
		};
/* End PBXFrameworksBuildPhase section */

/* Begin PBXGroup section */
		10280A6C1D79D1F4001805A8 = {
			isa = PBXGroup;
			children = (
				10280A771D79D1F4001805A8 /* Project06 */,
				10280A761D79D1F4001805A8 /* Products */,
			);
			sourceTree = "<group>";
		};
		10280A761D79D1F4001805A8 /* Products */ = {
			isa = PBXGroup;
			children = (
				10280A751D79D1F4001805A8 /* Project06.app */,
			);
			name = Products;
			sourceTree = "<group>";
		};
		10280A771D79D1F4001805A8 /* Project06 */ = {
			isa = PBXGroup;
			children = (
				10280A781D79D1F4001805A8 /* AppDelegate.swift */,
				10280A7A1D79D1F4001805A8 /* ViewController.swift */,
				10280A7C1D79D1F4001805A8 /* Main.storyboard */,
				10280A7F1D79D1F5001805A8 /* Assets.xcassets */,
				10280A811D79D1F5001805A8 /* LaunchScreen.storyboard */,
				10280A841D79D1F5001805A8 /* Info.plist */,
			);
			path = Project06;
			sourceTree = "<group>";
		};
/* End PBXGroup section */

/* Begin PBXNativeTarget section */
		10280A741D79D1F4001805A8 /* Project06 */ = {
			isa = PBXNativeTarget;
			buildConfigurationList = 10280A871D79D1F5001805A8 /* Build configuration list for PBXNativeTarget "Project06" */;
			buildPhases = (
				10280A711D79D1F4001805A8 /* Sources */,
				10280A721D79D1F4001805A8 /* Frameworks */,
				10280A731D79D1F4001805A8 /* Resources */,
			);
			buildRules = (
			);
			dependencies = (
			);
			name = Project06;
			productName = Project06;
			productReference = 10280A751D79D1F4001805A8 /* Project06.app */;
			productType = "com.apple.product-type.application";
		};
/* End PBXNativeTarget section */

/* Begin PBXProject section */
		10280A6D1D79D1F4001805A8 /* Project object */ = {
			isa = PBXProject;
			attributes = {
				LastSwiftUpdateCheck = 0730;
				LastUpgradeCheck = 0730;
				ORGANIZATIONNAME = GIGIGUN;
				TargetAttributes = {
					10280A741D79D1F4001805A8 = {
						CreatedOnToolsVersion = 7.3.1;
					};
				};
			};
			buildConfigurationList = 10280A701D79D1F4001805A8 /* Build configuration list for PBXProject "Project06" */;
			compatibilityVersion = "Xcode 3.2";
			developmentRegion = English;
			hasScannedForEncodings = 0;
			knownRegions = (
				en,
				Base,
			);
			mainGroup = 10280A6C1D79D1F4001805A8;
			productRefGroup = 10280A761D79D1F4001805A8 /* Products */;
			projectDirPath = "";
			projectRoot = "";
			targets = (
				10280A741D79D1F4001805A8 /* Project06 */,
			);
		};
/* End PBXProject section */

/* Begin PBXResourcesBuildPhase section */
		10280A731D79D1F4001805A8 /* Resources */ = {
			isa = PBXResourcesBuildPhase;
			buildActionMask = 2147483647;
			files = (
				10280A831D79D1F5001805A8 /* LaunchScreen.storyboard in Resources */,
				10280A801D79D1F5001805A8 /* Assets.xcassets in Resources */,
				10280A7E1D79D1F4001805A8 /* Main.storyboard in Resources */,
			);
			runOnlyForDeploymentPostprocessing = 0;
		};
/* End PBXResourcesBuildPhase section */

/* Begin PBXSourcesBuildPhase section */
		10280A711D79D1F4001805A8 /* Sources */ = {
			isa = PBXSourcesBuildPhase;
			buildActionMask = 2147483647;
			files = (
				10280A7B1D79D1F4001805A8 /* ViewController.swift in Sources */,
				10280A791D79D1F4001805A8 /* AppDelegate.swift in Sources */,
			);
			runOnlyForDeploymentPostprocessing = 0;
		};
/* End PBXSourcesBuildPhase section */

/* Begin PBXVariantGroup section */
		10280A7C1D79D1F4001805A8 /* Main.storyboard */ = {
			isa = PBXVariantGroup;
			children = (
				10280A7D1D79D1F4001805A8 /* Base */,
			);
			name = Main.storyboard;
			sourceTree = "<group>";
		};
		10280A811D79D1F5001805A8 /* LaunchScreen.storyboard */ = {
			isa = PBXVariantGroup;
			children = (
				10280A821D79D1F5001805A8 /* Base */,
			);
			name = LaunchScreen.storyboard;
			sourceTree = "<group>";
		};
/* End PBXVariantGroup section */

/* Begin XCBuildConfiguration section */
		10280A851D79D1F5001805A8 /* Debug */ = {
			isa = XCBuildConfiguration;
			buildSettings = {
				ALWAYS_SEARCH_USER_PATHS = NO;
				CLANG_ANALYZER_NONNULL = YES;
				CLANG_CXX_LANGUAGE_STANDARD = "gnu++0x";
				CLANG_CXX_LIBRARY = "libc++";
				CLANG_ENABLE_MODULES = YES;
				CLANG_ENABLE_OBJC_ARC = YES;
				CLANG_WARN_BOOL_CONVERSION = YES;
				CLANG_WARN_CONSTANT_CONVERSION = YES;
				CLANG_WARN_DIRECT_OBJC_ISA_USAGE = YES_ERROR;
				CLANG_WARN_EMPTY_BODY = YES;
				CLANG_WARN_ENUM_CONVERSION = YES;
				CLANG_WARN_INT_CONVERSION = YES;
				CLANG_WARN_OBJC_ROOT_CLASS = YES_ERROR;
				CLANG_WARN_UNREACHABLE_CODE = YES;
				CLANG_WARN__DUPLICATE_METHOD_MATCH = YES;
				"CODE_SIGN_IDENTITY[sdk=iphoneos*]" = "iPhone Developer";
				COPY_PHASE_STRIP = NO;
				DEBUG_INFORMATION_FORMAT = dwarf;
				ENABLE_STRICT_OBJC_MSGSEND = YES;
				ENABLE_TESTABILITY = YES;
				GCC_C_LANGUAGE_STANDARD = gnu99;
				GCC_DYNAMIC_NO_PIC = NO;
				GCC_NO_COMMON_BLOCKS = YES;
				GCC_OPTIMIZATION_LEVEL = 0;
				GCC_PREPROCESSOR_DEFINITIONS = (
					"DEBUG=1",
					"$(inherited)",
				);
				GCC_WARN_64_TO_32_BIT_CONVERSION = YES;
				GCC_WARN_ABOUT_RETURN_TYPE = YES_ERROR;
				GCC_WARN_UNDECLARED_SELECTOR = YES;
				GCC_WARN_UNINITIALIZED_AUTOS = YES_AGGRESSIVE;
				GCC_WARN_UNUSED_FUNCTION = YES;
				GCC_WARN_UNUSED_VARIABLE = YES;
				IPHONEOS_DEPLOYMENT_TARGET = 9.3;
				MTL_ENABLE_DEBUG_INFO = YES;
				ONLY_ACTIVE_ARCH = YES;
				SDKROOT = iphoneos;
				SWIFT_OPTIMIZATION_LEVEL = "-Onone";
			};
			name = Debug;
		};
		10280A861D79D1F5001805A8 /* Release */ = {
			isa = XCBuildConfiguration;
			buildSettings = {
				ALWAYS_SEARCH_USER_PATHS = NO;
				CLANG_ANALYZER_NONNULL = YES;
				CLANG_CXX_LANGUAGE_STANDARD = "gnu++0x";
				CLANG_CXX_LIBRARY = "libc++";
				CLANG_ENABLE_MODULES = YES;
				CLANG_ENABLE_OBJC_ARC = YES;
				CLANG_WARN_BOOL_CONVERSION = YES;
				CLANG_WARN_CONSTANT_CONVERSION = YES;
				CLANG_WARN_DIRECT_OBJC_ISA_USAGE = YES_ERROR;
				CLANG_WARN_EMPTY_BODY = YES;
				CLANG_WARN_ENUM_CONVERSION = YES;
				CLANG_WARN_INT_CONVERSION = YES;
				CLANG_WARN_OBJC_ROOT_CLASS = YES_ERROR;
				CLANG_WARN_UNREACHABLE_CODE = YES;
				CLANG_WARN__DUPLICATE_METHOD_MATCH = YES;
				"CODE_SIGN_IDENTITY[sdk=iphoneos*]" = "iPhone Developer";
				COPY_PHASE_STRIP = NO;
				DEBUG_INFORMATION_FORMAT = "dwarf-with-dsym";
				ENABLE_NS_ASSERTIONS = NO;
				ENABLE_STRICT_OBJC_MSGSEND = YES;
				GCC_C_LANGUAGE_STANDARD = gnu99;
				GCC_NO_COMMON_BLOCKS = YES;
				GCC_WARN_64_TO_32_BIT_CONVERSION = YES;
				GCC_WARN_ABOUT_RETURN_TYPE = YES_ERROR;
				GCC_WARN_UNDECLARED_SELECTOR = YES;
				GCC_WARN_UNINITIALIZED_AUTOS = YES_AGGRESSIVE;
				GCC_WARN_UNUSED_FUNCTION = YES;
				GCC_WARN_UNUSED_VARIABLE = YES;
				IPHONEOS_DEPLOYMENT_TARGET = 9.3;
				MTL_ENABLE_DEBUG_INFO = NO;
				SDKROOT = iphoneos;
				VALIDATE_PRODUCT = YES;
			};
			name = Release;
		};
		10280A881D79D1F5001805A8 /* Debug */ = {
			isa = XCBuildConfiguration;
			buildSettings = {
				ASSETCATALOG_COMPILER_APPICON_NAME = AppIcon;
				INFOPLIST_FILE = Project06/Info.plist;
				LD_RUNPATH_SEARCH_PATHS = "$(inherited) @executable_path/Frameworks";
				PRODUCT_BUNDLE_IDENTIFIER = HippoColors.Project06;
				PRODUCT_NAME = "$(TARGET_NAME)";
			};
			name = Debug;
		};
		10280A891D79D1F5001805A8 /* Release */ = {
			isa = XCBuildConfiguration;
			buildSettings = {
				ASSETCATALOG_COMPILER_APPICON_NAME = AppIcon;
				INFOPLIST_FILE = Project06/Info.plist;
				LD_RUNPATH_SEARCH_PATHS = "$(inherited) @executable_path/Frameworks";
				PRODUCT_BUNDLE_IDENTIFIER = HippoColors.Project06;
				PRODUCT_NAME = "$(TARGET_NAME)";
			};
			name = Release;
		};
/* End XCBuildConfiguration section */

/* Begin XCConfigurationList section */
		10280A701D79D1F4001805A8 /* Build configuration list for PBXProject "Project06" */ = {
			isa = XCConfigurationList;
			buildConfigurations = (
				10280A851D79D1F5001805A8 /* Debug */,
				10280A861D79D1F5001805A8 /* Release */,
			);
			defaultConfigurationIsVisible = 0;
			defaultConfigurationName = Release;
		};
		10280A871D79D1F5001805A8 /* Build configuration list for PBXNativeTarget "Project06" */ = {
			isa = XCConfigurationList;
			buildConfigurations = (
				10280A881D79D1F5001805A8 /* Debug */,
				10280A891D79D1F5001805A8 /* Release */,
			);
			defaultConfigurationIsVisible = 0;
		};
/* End XCConfigurationList section */
	};
	rootObject = 10280A6D1D79D1F4001805A8 /* Project object */;
}
