// !$*UTF8*$!
{
	archiveVersion = 1;
	classes = {
	};
	objectVersion = 46;
	objects = {

/* Begin PBXBuildFile section */
		100C492F1D72E12500E897B2 /* AppDelegate.swift in Sources */ = {isa = PBXBuildFile; fileRef = 100C492E1D72E12500E897B2 /* AppDelegate.swift */; };
		100C49361D72E12500E897B2 /* Assets.xcassets in Resources */ = {isa = PBXBuildFile; fileRef = 100C49351D72E12500E897B2 /* Assets.xcassets */; };
		100C49391D72E12500E897B2 /* LaunchScreen.storyboard in Resources */ = {isa = PBXBuildFile; fileRef = 100C49371D72E12500E897B2 /* LaunchScreen.storyboard */; };
		100C49411D72E13800E897B2 /* ViewController.swift in Sources */ = {isa = PBXBuildFile; fileRef = 100C49401D72E13800E897B2 /* ViewController.swift */; };
		100C49431D72E13E00E897B2 /* Main.storyboard in Resources */ = {isa = PBXBuildFile; fileRef = 100C49421D72E13E00E897B2 /* Main.storyboard */; };
/* End PBXBuildFile section */

/* Begin PBXFileReference section */
		100C492B1D72E12500E897B2 /* Project04.app */ = {isa = PBXFileReference; explicitFileType = wrapper.application; includeInIndex = 0; path = Project04.app; sourceTree = BUILT_PRODUCTS_DIR; };
		100C492E1D72E12500E897B2 /* AppDelegate.swift */ = {isa = PBXFileReference; lastKnownFileType = sourcecode.swift; path = AppDelegate.swift; sourceTree = "<group>"; };
		100C49351D72E12500E897B2 /* Assets.xcassets */ = {isa = PBXFileReference; lastKnownFileType = folder.assetcatalog; path = Assets.xcassets; sourceTree = "<group>"; };
		100C49381D72E12500E897B2 /* Base */ = {isa = PBXFileReference; lastKnownFileType = file.storyboard; name = Base; path = Base.lproj/LaunchScreen.storyboard; sourceTree = "<group>"; };
		100C493A1D72E12500E897B2 /* Info.plist */ = {isa = PBXFileReference; lastKnownFileType = text.plist.xml; path = Info.plist; sourceTree = "<group>"; };
		100C49401D72E13800E897B2 /* ViewController.swift */ = {isa = PBXFileReference; fileEncoding = 4; lastKnownFileType = sourcecode.swift; path = ViewController.swift; sourceTree = "<group>"; };
		100C49421D72E13E00E897B2 /* Main.storyboard */ = {isa = PBXFileReference; fileEncoding = 4; lastKnownFileType = file.storyboard; path = Main.storyboard; sourceTree = "<group>"; };
/* End PBXFileReference section */

/* Begin PBXFrameworksBuildPhase section */
		100C49281D72E12500E897B2 /* Frameworks */ = {
			isa = PBXFrameworksBuildPhase;
			buildActionMask = 2147483647;
			files = (
			);
			runOnlyForDeploymentPostprocessing = 0;
		};
/* End PBXFrameworksBuildPhase section */

/* Begin PBXGroup section */
		100C49221D72E12500E897B2 = {
			isa = PBXGroup;
			children = (
				100C492D1D72E12500E897B2 /* Project04 */,
				100C492C1D72E12500E897B2 /* Products */,
			);
			sourceTree = "<group>";
		};
		100C492C1D72E12500E897B2 /* Products */ = {
			isa = PBXGroup;
			children = (
				100C492B1D72E12500E897B2 /* Project04.app */,
			);
			name = Products;
			sourceTree = "<group>";
		};
		100C492D1D72E12500E897B2 /* Project04 */ = {
			isa = PBXGroup;
			children = (
				100C492E1D72E12500E897B2 /* AppDelegate.swift */,
				100C49351D72E12500E897B2 /* Assets.xcassets */,
				100C49371D72E12500E897B2 /* LaunchScreen.storyboard */,
				100C49421D72E13E00E897B2 /* Main.storyboard */,
				100C49401D72E13800E897B2 /* ViewController.swift */,
				100C493A1D72E12500E897B2 /* Info.plist */,
			);
			path = Project04;
			sourceTree = "<group>";
		};
/* End PBXGroup section */

/* Begin PBXNativeTarget section */
		100C492A1D72E12500E897B2 /* Project04 */ = {
			isa = PBXNativeTarget;
			buildConfigurationList = 100C493D1D72E12500E897B2 /* Build configuration list for PBXNativeTarget "Project04" */;
			buildPhases = (
				100C49271D72E12500E897B2 /* Sources */,
				100C49281D72E12500E897B2 /* Frameworks */,
				100C49291D72E12500E897B2 /* Resources */,
			);
			buildRules = (
			);
			dependencies = (
			);
			name = Project04;
			productName = Project04;
			productReference = 100C492B1D72E12500E897B2 /* Project04.app */;
			productType = "com.apple.product-type.application";
		};
/* End PBXNativeTarget section */

/* Begin PBXProject section */
		100C49231D72E12500E897B2 /* Project object */ = {
			isa = PBXProject;
			attributes = {
				LastSwiftUpdateCheck = 0730;
				LastUpgradeCheck = 0730;
				ORGANIZATIONNAME = GIGIGUN;
				TargetAttributes = {
					100C492A1D72E12500E897B2 = {
						CreatedOnToolsVersion = 7.3.1;
					};
				};
			};
			buildConfigurationList = 100C49261D72E12500E897B2 /* Build configuration list for PBXProject "Project04" */;
			compatibilityVersion = "Xcode 3.2";
			developmentRegion = English;
			hasScannedForEncodings = 0;
			knownRegions = (
				en,
				Base,
			);
			mainGroup = 100C49221D72E12500E897B2;
			productRefGroup = 100C492C1D72E12500E897B2 /* Products */;
			projectDirPath = "";
			projectRoot = "";
			targets = (
				100C492A1D72E12500E897B2 /* Project04 */,
			);
		};
/* End PBXProject section */

/* Begin PBXResourcesBuildPhase section */
		100C49291D72E12500E897B2 /* Resources */ = {
			isa = PBXResourcesBuildPhase;
			buildActionMask = 2147483647;
			files = (
				100C49431D72E13E00E897B2 /* Main.storyboard in Resources */,
				100C49391D72E12500E897B2 /* LaunchScreen.storyboard in Resources */,
				100C49361D72E12500E897B2 /* Assets.xcassets in Resources */,
			);
			runOnlyForDeploymentPostprocessing = 0;
		};
/* End PBXResourcesBuildPhase section */

/* Begin PBXSourcesBuildPhase section */
		100C49271D72E12500E897B2 /* Sources */ = {
			isa = PBXSourcesBuildPhase;
			buildActionMask = 2147483647;
			files = (
				100C49411D72E13800E897B2 /* ViewController.swift in Sources */,
				100C492F1D72E12500E897B2 /* AppDelegate.swift in Sources */,
			);
			runOnlyForDeploymentPostprocessing = 0;
		};
/* End PBXSourcesBuildPhase section */

/* Begin PBXVariantGroup section */
		100C49371D72E12500E897B2 /* LaunchScreen.storyboard */ = {
			isa = PBXVariantGroup;
			children = (
				100C49381D72E12500E897B2 /* Base */,
			);
			name = LaunchScreen.storyboard;
			sourceTree = "<group>";
		};
/* End PBXVariantGroup section */

/* Begin XCBuildConfiguration section */
		100C493B1D72E12500E897B2 /* Debug */ = {
			isa = XCBuildConfiguration;
			buildSettings = {
				ALWAYS_SEARCH_USER_PATHS = NO;
				CLANG_ANALYZER_NONNULL = YES;
				CLANG_CXX_LANGUAGE_STANDARD = "gnu++0x";
				CLANG_CXX_LIBRARY = "libc++";
				CLANG_ENABLE_MODULES = YES;
				CLANG_ENABLE_OBJC_ARC = YES;
				CLANG_WARN_BOOL_CONVERSION = YES;
				CLANG_WARN_CONSTANT_CONVERSION = YES;
				CLANG_WARN_DIRECT_OBJC_ISA_USAGE = YES_ERROR;
				CLANG_WARN_EMPTY_BODY = YES;
				CLANG_WARN_ENUM_CONVERSION = YES;
				CLANG_WARN_INT_CONVERSION = YES;
				CLANG_WARN_OBJC_ROOT_CLASS = YES_ERROR;
				CLANG_WARN_UNREACHABLE_CODE = YES;
				CLANG_WARN__DUPLICATE_METHOD_MATCH = YES;
				"CODE_SIGN_IDENTITY[sdk=iphoneos*]" = "iPhone Developer";
				COPY_PHASE_STRIP = NO;
				DEBUG_INFORMATION_FORMAT = dwarf;
				ENABLE_STRICT_OBJC_MSGSEND = YES;
				ENABLE_TESTABILITY = YES;
				GCC_C_LANGUAGE_STANDARD = gnu99;
				GCC_DYNAMIC_NO_PIC = NO;
				GCC_NO_COMMON_BLOCKS = YES;
				GCC_OPTIMIZATION_LEVEL = 0;
				GCC_PREPROCESSOR_DEFINITIONS = (
					"DEBUG=1",
					"$(inherited)",
				);
				GCC_WARN_64_TO_32_BIT_CONVERSION = YES;
				GCC_WARN_ABOUT_RETURN_TYPE = YES_ERROR;
				GCC_WARN_UNDECLARED_SELECTOR = YES;
				GCC_WARN_UNINITIALIZED_AUTOS = YES_AGGRESSIVE;
				GCC_WARN_UNUSED_FUNCTION = YES;
				GCC_WARN_UNUSED_VARIABLE = YES;
				IPHONEOS_DEPLOYMENT_TARGET = 9.3;
				MTL_ENABLE_DEBUG_INFO = YES;
				ONLY_ACTIVE_ARCH = YES;
				SDKROOT = iphoneos;
				SWIFT_OPTIMIZATION_LEVEL = "-Onone";
			};
			name = Debug;
		};
		100C493C1D72E12500E897B2 /* Release */ = {
			isa = XCBuildConfiguration;
			buildSettings = {
				ALWAYS_SEARCH_USER_PATHS = NO;
				CLANG_ANALYZER_NONNULL = YES;
				CLANG_CXX_LANGUAGE_STANDARD = "gnu++0x";
				CLANG_CXX_LIBRARY = "libc++";
				CLANG_ENABLE_MODULES = YES;
				CLANG_ENABLE_OBJC_ARC = YES;
				CLANG_WARN_BOOL_CONVERSION = YES;
				CLANG_WARN_CONSTANT_CONVERSION = YES;
				CLANG_WARN_DIRECT_OBJC_ISA_USAGE = YES_ERROR;
				CLANG_WARN_EMPTY_BODY = YES;
				CLANG_WARN_ENUM_CONVERSION = YES;
				CLANG_WARN_INT_CONVERSION = YES;
				CLANG_WARN_OBJC_ROOT_CLASS = YES_ERROR;
				CLANG_WARN_UNREACHABLE_CODE = YES;
				CLANG_WARN__DUPLICATE_METHOD_MATCH = YES;
				"CODE_SIGN_IDENTITY[sdk=iphoneos*]" = "iPhone Developer";
				COPY_PHASE_STRIP = NO;
				DEBUG_INFORMATION_FORMAT = "dwarf-with-dsym";
				ENABLE_NS_ASSERTIONS = NO;
				ENABLE_STRICT_OBJC_MSGSEND = YES;
				GCC_C_LANGUAGE_STANDARD = gnu99;
				GCC_NO_COMMON_BLOCKS = YES;
				GCC_WARN_64_TO_32_BIT_CONVERSION = YES;
				GCC_WARN_ABOUT_RETURN_TYPE = YES_ERROR;
				GCC_WARN_UNDECLARED_SELECTOR = YES;
				GCC_WARN_UNINITIALIZED_AUTOS = YES_AGGRESSIVE;
				GCC_WARN_UNUSED_FUNCTION = YES;
				GCC_WARN_UNUSED_VARIABLE = YES;
				IPHONEOS_DEPLOYMENT_TARGET = 9.3;
				MTL_ENABLE_DEBUG_INFO = NO;
				SDKROOT = iphoneos;
				VALIDATE_PRODUCT = YES;
			};
			name = Release;
		};
		100C493E1D72E12500E897B2 /* Debug */ = {
			isa = XCBuildConfiguration;
			buildSettings = {
				ASSETCATALOG_COMPILER_APPICON_NAME = AppIcon;
				INFOPLIST_FILE = Project04/Info.plist;
				LD_RUNPATH_SEARCH_PATHS = "$(inherited) @executable_path/Frameworks";
				PRODUCT_BUNDLE_IDENTIFIER = HippoColors.Project04;
				PRODUCT_NAME = "$(TARGET_NAME)";
			};
			name = Debug;
		};
		100C493F1D72E12500E897B2 /* Release */ = {
			isa = XCBuildConfiguration;
			buildSettings = {
				ASSETCATALOG_COMPILER_APPICON_NAME = AppIcon;
				INFOPLIST_FILE = Project04/Info.plist;
				LD_RUNPATH_SEARCH_PATHS = "$(inherited) @executable_path/Frameworks";
				PRODUCT_BUNDLE_IDENTIFIER = HippoColors.Project04;
				PRODUCT_NAME = "$(TARGET_NAME)";
			};
			name = Release;
		};
/* End XCBuildConfiguration section */

/* Begin XCConfigurationList section */
		100C49261D72E12500E897B2 /* Build configuration list for PBXProject "Project04" */ = {
			isa = XCConfigurationList;
			buildConfigurations = (
				100C493B1D72E12500E897B2 /* Debug */,
				100C493C1D72E12500E897B2 /* Release */,
			);
			defaultConfigurationIsVisible = 0;
			defaultConfigurationName = Release;
		};
		100C493D1D72E12500E897B2 /* Build configuration list for PBXNativeTarget "Project04" */ = {
			isa = XCConfigurationList;
			buildConfigurations = (
				100C493E1D72E12500E897B2 /* Debug */,
				100C493F1D72E12500E897B2 /* Release */,
			);
			defaultConfigurationIsVisible = 0;
		};
/* End XCConfigurationList section */
	};
	rootObject = 100C49231D72E12500E897B2 /* Project object */;
}
